# THIS IS AN AUTOGENERATED FILE. DO NOT EDIT THIS FILE DIRECTLY.
# yarn lockfile v1


draft-js-block-breakout-plugin@^1.0.1:
  version "1.0.1"
  resolved "https://registry.yarnpkg.com/draft-js-block-breakout-plugin/-/draft-js-block-breakout-plugin-1.0.1.tgz#eb2d59a3ce007a267332a3b4f3d7a07d76337833"
  dependencies:
    immutable "^3.8.1"

immutable@^3.8.1:
  version "3.8.1"
  resolved "https://registry.yarnpkg.com/immutable/-/immutable-3.8.1.tgz#200807f11ab0f72710ea485542de088075f68cd2"
